
Microsoft Visual Studio Solution File, Format Version 12.00
# Visual Studio 15
VisualStudioVersion = 15.0.34031.82
MinimumVisualStudioVersion = 10.0.40219.1
Project("{8BC9CEB8-8B4A-11D0-8D11-00A0C91BC942}") = "Quimica", "Quimica\Quimica.vcxproj", "{620E748A-B3EF-4621-B4CC-637105668496}"
EndProject
Project("{8BC9CEB8-8B4A-11D0-8D11-00A0C91BC942}") = "Tabela Periodica", "Tabela Periodica\Tabela Periodica.vcxproj", "{7BAA6CB5-9222-406F-AC5D-8EC5F31CE346}"
EndProject
Global
	GlobalSection(SolutionConfigurationPlatforms) = preSolution
		Debug|x64 = Debug|x64
		Debug|x86 = Debug|x86
		Release|x64 = Release|x64
		Release|x86 = Release|x86
	EndGlobalSection
	GlobalSection(ProjectConfigurationPlatforms) = postSolution
		{620E748A-B3EF-4621-B4CC-637105668496}.Debug|x64.ActiveCfg = Debug|x64
		{620E748A-B3EF-4621-B4CC-637105668496}.Debug|x64.Build.0 = Debug|x64
		{620E748A-B3EF-4621-B4CC-637105668496}.Debug|x86.ActiveCfg = Debug|Win32
		{620E748A-B3EF-4621-B4CC-637105668496}.Debug|x86.Build.0 = Debug|Win32
		{620E748A-B3EF-4621-B4CC-637105668496}.Release|x64.ActiveCfg = Release|x64
		{620E748A-B3EF-4621-B4CC-637105668496}.Release|x64.Build.0 = Release|x64
		{620E748A-B3EF-4621-B4CC-637105668496}.Release|x86.ActiveCfg = Release|Win32
		{620E748A-B3EF-4621-B4CC-637105668496}.Release|x86.Build.0 = Release|Win32
		{7BAA6CB5-9222-406F-AC5D-8EC5F31CE346}.Debug|x64.ActiveCfg = Debug|x64
		{7BAA6CB5-9222-406F-AC5D-8EC5F31CE346}.Debug|x64.Build.0 = Debug|x64
		{7BAA6CB5-9222-406F-AC5D-8EC5F31CE346}.Debug|x86.ActiveCfg = Debug|Win32
		{7BAA6CB5-9222-406F-AC5D-8EC5F31CE346}.Debug|x86.Build.0 = Debug|Win32
		{7BAA6CB5-9222-406F-AC5D-8EC5F31CE346}.Release|x64.ActiveCfg = Release|x64
		{7BAA6CB5-9222-406F-AC5D-8EC5F31CE346}.Release|x64.Build.0 = Release|x64
		{7BAA6CB5-9222-406F-AC5D-8EC5F31CE346}.Release|x86.ActiveCfg = Release|Win32
		{7BAA6CB5-9222-406F-AC5D-8EC5F31CE346}.Release|x86.Build.0 = Release|Win32
	EndGlobalSection
	GlobalSection(SolutionProperties) = preSolution
		HideSolutionNode = FALSE
	EndGlobalSection
	GlobalSection(ExtensibilityGlobals) = postSolution
		SolutionGuid = {E19A2621-1131-45A2-B763-BAED3EF9EEDC}
	EndGlobalSection
EndGlobal
